
Microsoft Visual Studio Solution File, Format Version 12.00
# Visual Studio Version 16
VisualStudioVersion = 16.0.29306.81
MinimumVisualStudioVersion = 10.0.40219.1
Project("{FAE04EC0-301F-11D3-BF4B-00C04F79EFBC}") = "OpenLab 02.1", "OpenLab 02.1\OpenLab 02.1.csproj", "{7B6F5749-5EFD-46C5-B857-3BB4CDBCF60F}"
EndProject
Global
	GlobalSection(SolutionConfigurationPlatforms) = preSolution
		Debug|Any CPU = Debug|Any CPU
		Release|Any CPU = Release|Any CPU
	EndGlobalSection
	GlobalSection(ProjectConfigurationPlatforms) = postSolution
		{7B6F5749-5EFD-46C5-B857-3BB4CDBCF60F}.Debug|Any CPU.ActiveCfg = Debug|Any CPU
		{7B6F5749-5EFD-46C5-B857-3BB4CDBCF60F}.Debug|Any CPU.Build.0 = Debug|Any CPU
		{7B6F5749-5EFD-46C5-B857-3BB4CDBCF60F}.Release|Any CPU.ActiveCfg = Release|Any CPU
		{7B6F5749-5EFD-46C5-B857-3BB4CDBCF60F}.Release|Any CPU.Build.0 = Release|Any CPU
	EndGlobalSection
	GlobalSection(SolutionProperties) = preSolution
		HideSolutionNode = FALSE
	EndGlobalSection
	GlobalSection(ExtensibilityGlobals) = postSolution
		SolutionGuid = {A1443DB1-9C80-44DF-92F2-AB2F86E800BE}
	EndGlobalSection
EndGlobal
